
Microsoft Visual Studio Solution File, Format Version 12.00
# Visual Studio Version 16
VisualStudioVersion = 16.0.31112.23
MinimumVisualStudioVersion = 10.0.40219.1
Project("{FAE04EC0-301F-11D3-BF4B-00C04F79EFBC}") = "Garage3.0", "Garage3.0\Garage3.0.csproj", "{F53E7808-F411-4AF4-AD06-D91A31CB393C}"
EndProject
Global
	GlobalSection(SolutionConfigurationPlatforms) = preSolution
		Debug|Any CPU = Debug|Any CPU
		Release|Any CPU = Release|Any CPU
	EndGlobalSection
	GlobalSection(ProjectConfigurationPlatforms) = postSolution
		{F53E7808-F411-4AF4-AD06-D91A31CB393C}.Debug|Any CPU.ActiveCfg = Debug|Any CPU
		{F53E7808-F411-4AF4-AD06-D91A31CB393C}.Debug|Any CPU.Build.0 = Debug|Any CPU
		{F53E7808-F411-4AF4-AD06-D91A31CB393C}.Release|Any CPU.ActiveCfg = Release|Any CPU
		{F53E7808-F411-4AF4-AD06-D91A31CB393C}.Release|Any CPU.Build.0 = Release|Any CPU
	EndGlobalSection
	GlobalSection(SolutionProperties) = preSolution
		HideSolutionNode = FALSE
	EndGlobalSection
	GlobalSection(ExtensibilityGlobals) = postSolution
		SolutionGuid = {A765DA25-2A8C-4CF6-860D-C0F33E9F3AB8}
	EndGlobalSection
EndGlobal
